// !$*UTF8*$!
{
	archiveVersion = 1;
	classes = {
	};
	objectVersion = 50;
	objects = {

/* Begin PBXBuildFile section */
		A0A7FE26210C2292000936BC /* AppDelegate.m in Sources */ = {isa = PBXBuildFile; fileRef = A0A7FE25210C2292000936BC /* AppDelegate.m */; };
		A0A7FE29210C2292000936BC /* DetailViewController.m in Sources */ = {isa = PBXBuildFile; fileRef = A0A7FE28210C2292000936BC /* DetailViewController.m */; };
		A0A7FE2C210C2292000936BC /* Main.storyboard in Resources */ = {isa = PBXBuildFile; fileRef = A0A7FE2A210C2292000936BC /* Main.storyboard */; };
		A0A7FE2E210C2293000936BC /* Assets.xcassets in Resources */ = {isa = PBXBuildFile; fileRef = A0A7FE2D210C2293000936BC /* Assets.xcassets */; };
		A0A7FE31210C2293000936BC /* LaunchScreen.storyboard in Resources */ = {isa = PBXBuildFile; fileRef = A0A7FE2F210C2293000936BC /* LaunchScreen.storyboard */; };
		A0A7FE34210C2293000936BC /* main.m in Sources */ = {isa = PBXBuildFile; fileRef = A0A7FE33210C2293000936BC /* main.m */; };
		A0A7FE3C210C2587000936BC /* CollectionViewController.m in Sources */ = {isa = PBXBuildFile; fileRef = A0A7FE3B210C2587000936BC /* CollectionViewController.m */; };
		A0A7FE3F210C264A000936BC /* LRCollectionViewCell.m in Sources */ = {isa = PBXBuildFile; fileRef = A0A7FE3E210C264A000936BC /* LRCollectionViewCell.m */; };
		A0A7FE41210C3789000936BC /* LRCollectionViewCell.xib in Resources */ = {isa = PBXBuildFile; fileRef = A0A7FE40210C3789000936BC /* LRCollectionViewCell.xib */; };
		A0A7FE44210C40BE000936BC /* MagicMoveTransition.m in Sources */ = {isa = PBXBuildFile; fileRef = A0A7FE43210C40BE000936BC /* MagicMoveTransition.m */; };
/* End PBXBuildFile section */

/* Begin PBXFileReference section */
		A0A7FE21210C2292000936BC /* MagicMove.app */ = {isa = PBXFileReference; explicitFileType = wrapper.application; includeInIndex = 0; path = MagicMove.app; sourceTree = BUILT_PRODUCTS_DIR; };
		A0A7FE24210C2292000936BC /* AppDelegate.h */ = {isa = PBXFileReference; lastKnownFileType = sourcecode.c.h; path = AppDelegate.h; sourceTree = "<group>"; };
		A0A7FE25210C2292000936BC /* AppDelegate.m */ = {isa = PBXFileReference; lastKnownFileType = sourcecode.c.objc; path = AppDelegate.m; sourceTree = "<group>"; };
		A0A7FE27210C2292000936BC /* DetailViewController.h */ = {isa = PBXFileReference; lastKnownFileType = sourcecode.c.h; path = DetailViewController.h; sourceTree = "<group>"; };
		A0A7FE28210C2292000936BC /* DetailViewController.m */ = {isa = PBXFileReference; lastKnownFileType = sourcecode.c.objc; path = DetailViewController.m; sourceTree = "<group>"; };
		A0A7FE2B210C2292000936BC /* Base */ = {isa = PBXFileReference; lastKnownFileType = file.storyboard; name = Base; path = Base.lproj/Main.storyboard; sourceTree = "<group>"; };
		A0A7FE2D210C2293000936BC /* Assets.xcassets */ = {isa = PBXFileReference; lastKnownFileType = folder.assetcatalog; path = Assets.xcassets; sourceTree = "<group>"; };
		A0A7FE30210C2293000936BC /* Base */ = {isa = PBXFileReference; lastKnownFileType = file.storyboard; name = Base; path = Base.lproj/LaunchScreen.storyboard; sourceTree = "<group>"; };
		A0A7FE32210C2293000936BC /* Info.plist */ = {isa = PBXFileReference; lastKnownFileType = text.plist.xml; path = Info.plist; sourceTree = "<group>"; };
		A0A7FE33210C2293000936BC /* main.m */ = {isa = PBXFileReference; lastKnownFileType = sourcecode.c.objc; path = main.m; sourceTree = "<group>"; };
		A0A7FE3A210C2587000936BC /* CollectionViewController.h */ = {isa = PBXFileReference; lastKnownFileType = sourcecode.c.h; path = CollectionViewController.h; sourceTree = "<group>"; };
		A0A7FE3B210C2587000936BC /* CollectionViewController.m */ = {isa = PBXFileReference; lastKnownFileType = sourcecode.c.objc; path = CollectionViewController.m; sourceTree = "<group>"; };
		A0A7FE3D210C264A000936BC /* LRCollectionViewCell.h */ = {isa = PBXFileReference; lastKnownFileType = sourcecode.c.h; path = LRCollectionViewCell.h; sourceTree = "<group>"; };
		A0A7FE3E210C264A000936BC /* LRCollectionViewCell.m */ = {isa = PBXFileReference; lastKnownFileType = sourcecode.c.objc; path = LRCollectionViewCell.m; sourceTree = "<group>"; };
		A0A7FE40210C3789000936BC /* LRCollectionViewCell.xib */ = {isa = PBXFileReference; lastKnownFileType = file.xib; path = LRCollectionViewCell.xib; sourceTree = "<group>"; };
		A0A7FE42210C40BE000936BC /* MagicMoveTransition.h */ = {isa = PBXFileReference; lastKnownFileType = sourcecode.c.h; path = MagicMoveTransition.h; sourceTree = "<group>"; };
		A0A7FE43210C40BE000936BC /* MagicMoveTransition.m */ = {isa = PBXFileReference; lastKnownFileType = sourcecode.c.objc; path = MagicMoveTransition.m; sourceTree = "<group>"; };
/* End PBXFileReference section */

/* Begin PBXFrameworksBuildPhase section */
		A0A7FE1E210C2292000936BC /* Frameworks */ = {
			isa = PBXFrameworksBuildPhase;
			buildActionMask = 2147483647;
			files = (
			);
			runOnlyForDeploymentPostprocessing = 0;
		};
/* End PBXFrameworksBuildPhase section */

/* Begin PBXGroup section */
		A0A7FE18210C2292000936BC = {
			isa = PBXGroup;
			children = (
				A0A7FE23210C2292000936BC /* MagicMove */,
				A0A7FE22210C2292000936BC /* Products */,
			);
			sourceTree = "<group>";
		};
		A0A7FE22210C2292000936BC /* Products */ = {
			isa = PBXGroup;
			children = (
				A0A7FE21210C2292000936BC /* MagicMove.app */,
			);
			name = Products;
			sourceTree = "<group>";
		};
		A0A7FE23210C2292000936BC /* MagicMove */ = {
			isa = PBXGroup;
			children = (
				A0A7FE24210C2292000936BC /* AppDelegate.h */,
				A0A7FE25210C2292000936BC /* AppDelegate.m */,
				A0A7FE3A210C2587000936BC /* CollectionViewController.h */,
				A0A7FE3B210C2587000936BC /* CollectionViewController.m */,
				A0A7FE3D210C264A000936BC /* LRCollectionViewCell.h */,
				A0A7FE3E210C264A000936BC /* LRCollectionViewCell.m */,
				A0A7FE40210C3789000936BC /* LRCollectionViewCell.xib */,
				A0A7FE27210C2292000936BC /* DetailViewController.h */,
				A0A7FE28210C2292000936BC /* DetailViewController.m */,
				A0A7FE42210C40BE000936BC /* MagicMoveTransition.h */,
				A0A7FE43210C40BE000936BC /* MagicMoveTransition.m */,
				A0A7FE2A210C2292000936BC /* Main.storyboard */,
				A0A7FE2D210C2293000936BC /* Assets.xcassets */,
				A0A7FE2F210C2293000936BC /* LaunchScreen.storyboard */,
				A0A7FE32210C2293000936BC /* Info.plist */,
				A0A7FE33210C2293000936BC /* main.m */,
			);
			path = MagicMove;
			sourceTree = "<group>";
		};
/* End PBXGroup section */

/* Begin PBXNativeTarget section */
		A0A7FE20210C2292000936BC /* MagicMove */ = {
			isa = PBXNativeTarget;
			buildConfigurationList = A0A7FE37210C2293000936BC /* Build configuration list for PBXNativeTarget "MagicMove" */;
			buildPhases = (
				A0A7FE1D210C2292000936BC /* Sources */,
				A0A7FE1E210C2292000936BC /* Frameworks */,
				A0A7FE1F210C2292000936BC /* Resources */,
			);
			buildRules = (
			);
			dependencies = (
			);
			name = MagicMove;
			productName = MagicMove;
			productReference = A0A7FE21210C2292000936BC /* MagicMove.app */;
			productType = "com.apple.product-type.application";
		};
/* End PBXNativeTarget section */

/* Begin PBXProject section */
		A0A7FE19210C2292000936BC /* Project object */ = {
			isa = PBXProject;
			attributes = {
				LastUpgradeCheck = 0930;
				ORGANIZATIONNAME = leilurong;
				TargetAttributes = {
					A0A7FE20210C2292000936BC = {
						CreatedOnToolsVersion = 9.3.1;
					};
				};
			};
			buildConfigurationList = A0A7FE1C210C2292000936BC /* Build configuration list for PBXProject "MagicMove" */;
			compatibilityVersion = "Xcode 9.3";
			developmentRegion = en;
			hasScannedForEncodings = 0;
			knownRegions = (
				en,
				Base,
			);
			mainGroup = A0A7FE18210C2292000936BC;
			productRefGroup = A0A7FE22210C2292000936BC /* Products */;
			projectDirPath = "";
			projectRoot = "";
			targets = (
				A0A7FE20210C2292000936BC /* MagicMove */,
			);
		};
/* End PBXProject section */

/* Begin PBXResourcesBuildPhase section */
		A0A7FE1F210C2292000936BC /* Resources */ = {
			isa = PBXResourcesBuildPhase;
			buildActionMask = 2147483647;
			files = (
				A0A7FE31210C2293000936BC /* LaunchScreen.storyboard in Resources */,
				A0A7FE2E210C2293000936BC /* Assets.xcassets in Resources */,
				A0A7FE41210C3789000936BC /* LRCollectionViewCell.xib in Resources */,
				A0A7FE2C210C2292000936BC /* Main.storyboard in Resources */,
			);
			runOnlyForDeploymentPostprocessing = 0;
		};
/* End PBXResourcesBuildPhase section */

/* Begin PBXSourcesBuildPhase section */
		A0A7FE1D210C2292000936BC /* Sources */ = {
			isa = PBXSourcesBuildPhase;
			buildActionMask = 2147483647;
			files = (
				A0A7FE3F210C264A000936BC /* LRCollectionViewCell.m in Sources */,
				A0A7FE44210C40BE000936BC /* MagicMoveTransition.m in Sources */,
				A0A7FE3C210C2587000936BC /* CollectionViewController.m in Sources */,
				A0A7FE29210C2292000936BC /* DetailViewController.m in Sources */,
				A0A7FE34210C2293000936BC /* main.m in Sources */,
				A0A7FE26210C2292000936BC /* AppDelegate.m in Sources */,
			);
			runOnlyForDeploymentPostprocessing = 0;
		};
/* End PBXSourcesBuildPhase section */

/* Begin PBXVariantGroup section */
		A0A7FE2A210C2292000936BC /* Main.storyboard */ = {
			isa = PBXVariantGroup;
			children = (
				A0A7FE2B210C2292000936BC /* Base */,
			);
			name = Main.storyboard;
			sourceTree = "<group>";
		};
		A0A7FE2F210C2293000936BC /* LaunchScreen.storyboard */ = {
			isa = PBXVariantGroup;
			children = (
				A0A7FE30210C2293000936BC /* Base */,
			);
			name = LaunchScreen.storyboard;
			sourceTree = "<group>";
		};
/* End PBXVariantGroup section */

/* Begin XCBuildConfiguration section */
		A0A7FE35210C2293000936BC /* Debug */ = {
			isa = XCBuildConfiguration;
			buildSettings = {
				ALWAYS_SEARCH_USER_PATHS = NO;
				CLANG_ANALYZER_NONNULL = YES;
				CLANG_ANALYZER_NUMBER_OBJECT_CONVERSION = YES_AGGRESSIVE;
				CLANG_CXX_LANGUAGE_STANDARD = "gnu++14";
				CLANG_CXX_LIBRARY = "libc++";
				CLANG_ENABLE_MODULES = YES;
				CLANG_ENABLE_OBJC_ARC = YES;
				CLANG_ENABLE_OBJC_WEAK = YES;
				CLANG_WARN_BLOCK_CAPTURE_AUTORELEASING = YES;
				CLANG_WARN_BOOL_CONVERSION = YES;
				CLANG_WARN_COMMA = YES;
				CLANG_WARN_CONSTANT_CONVERSION = YES;
				CLANG_WARN_DEPRECATED_OBJC_IMPLEMENTATIONS = YES;
				CLANG_WARN_DIRECT_OBJC_ISA_USAGE = YES_ERROR;
				CLANG_WARN_DOCUMENTATION_COMMENTS = YES;
				CLANG_WARN_EMPTY_BODY = YES;
				CLANG_WARN_ENUM_CONVERSION = YES;
				CLANG_WARN_INFINITE_RECURSION = YES;
				CLANG_WARN_INT_CONVERSION = YES;
				CLANG_WARN_NON_LITERAL_NULL_CONVERSION = YES;
				CLANG_WARN_OBJC_IMPLICIT_RETAIN_SELF = YES;
				CLANG_WARN_OBJC_LITERAL_CONVERSION = YES;
				CLANG_WARN_OBJC_ROOT_CLASS = YES_ERROR;
				CLANG_WARN_RANGE_LOOP_ANALYSIS = YES;
				CLANG_WARN_STRICT_PROTOTYPES = YES;
				CLANG_WARN_SUSPICIOUS_MOVE = YES;
				CLANG_WARN_UNGUARDED_AVAILABILITY = YES_AGGRESSIVE;
				CLANG_WARN_UNREACHABLE_CODE = YES;
				CLANG_WARN__DUPLICATE_METHOD_MATCH = YES;
				CODE_SIGN_IDENTITY = "iPhone Developer";
				COPY_PHASE_STRIP = NO;
				DEBUG_INFORMATION_FORMAT = dwarf;
				ENABLE_STRICT_OBJC_MSGSEND = YES;
				ENABLE_TESTABILITY = YES;
				GCC_C_LANGUAGE_STANDARD = gnu11;
				GCC_DYNAMIC_NO_PIC = NO;
				GCC_NO_COMMON_BLOCKS = YES;
				GCC_OPTIMIZATION_LEVEL = 0;
				GCC_PREPROCESSOR_DEFINITIONS = (
					"DEBUG=1",
					"$(inherited)",
				);
				GCC_WARN_64_TO_32_BIT_CONVERSION = YES;
				GCC_WARN_ABOUT_RETURN_TYPE = YES_ERROR;
				GCC_WARN_UNDECLARED_SELECTOR = YES;
				GCC_WARN_UNINITIALIZED_AUTOS = YES_AGGRESSIVE;
				GCC_WARN_UNUSED_FUNCTION = YES;
				GCC_WARN_UNUSED_VARIABLE = YES;
				IPHONEOS_DEPLOYMENT_TARGET = 9.0;
				MTL_ENABLE_DEBUG_INFO = YES;
				ONLY_ACTIVE_ARCH = YES;
				SDKROOT = iphoneos;
			};
			name = Debug;
		};
		A0A7FE36210C2293000936BC /* Release */ = {
			isa = XCBuildConfiguration;
			buildSettings = {
				ALWAYS_SEARCH_USER_PATHS = NO;
				CLANG_ANALYZER_NONNULL = YES;
				CLANG_ANALYZER_NUMBER_OBJECT_CONVERSION = YES_AGGRESSIVE;
				CLANG_CXX_LANGUAGE_STANDARD = "gnu++14";
				CLANG_CXX_LIBRARY = "libc++";
				CLANG_ENABLE_MODULES = YES;
				CLANG_ENABLE_OBJC_ARC = YES;
				CLANG_ENABLE_OBJC_WEAK = YES;
				CLANG_WARN_BLOCK_CAPTURE_AUTORELEASING = YES;
				CLANG_WARN_BOOL_CONVERSION = YES;
				CLANG_WARN_COMMA = YES;
				CLANG_WARN_CONSTANT_CONVERSION = YES;
				CLANG_WARN_DEPRECATED_OBJC_IMPLEMENTATIONS = YES;
				CLANG_WARN_DIRECT_OBJC_ISA_USAGE = YES_ERROR;
				CLANG_WARN_DOCUMENTATION_COMMENTS = YES;
				CLANG_WARN_EMPTY_BODY = YES;
				CLANG_WARN_ENUM_CONVERSION = YES;
				CLANG_WARN_INFINITE_RECURSION = YES;
				CLANG_WARN_INT_CONVERSION = YES;
				CLANG_WARN_NON_LITERAL_NULL_CONVERSION = YES;
				CLANG_WARN_OBJC_IMPLICIT_RETAIN_SELF = YES;
				CLANG_WARN_OBJC_LITERAL_CONVERSION = YES;
				CLANG_WARN_OBJC_ROOT_CLASS = YES_ERROR;
				CLANG_WARN_RANGE_LOOP_ANALYSIS = YES;
				CLANG_WARN_STRICT_PROTOTYPES = YES;
				CLANG_WARN_SUSPICIOUS_MOVE = YES;
				CLANG_WARN_UNGUARDED_AVAILABILITY = YES_AGGRESSIVE;
				CLANG_WARN_UNREACHABLE_CODE = YES;
				CLANG_WARN__DUPLICATE_METHOD_MATCH = YES;
				CODE_SIGN_IDENTITY = "iPhone Developer";
				COPY_PHASE_STRIP = NO;
				DEBUG_INFORMATION_FORMAT = "dwarf-with-dsym";
				ENABLE_NS_ASSERTIONS = NO;
				ENABLE_STRICT_OBJC_MSGSEND = YES;
				GCC_C_LANGUAGE_STANDARD = gnu11;
				GCC_NO_COMMON_BLOCKS = YES;
				GCC_WARN_64_TO_32_BIT_CONVERSION = YES;
				GCC_WARN_ABOUT_RETURN_TYPE = YES_ERROR;
				GCC_WARN_UNDECLARED_SELECTOR = YES;
				GCC_WARN_UNINITIALIZED_AUTOS = YES_AGGRESSIVE;
				GCC_WARN_UNUSED_FUNCTION = YES;
				GCC_WARN_UNUSED_VARIABLE = YES;
				IPHONEOS_DEPLOYMENT_TARGET = 9.0;
				MTL_ENABLE_DEBUG_INFO = NO;
				SDKROOT = iphoneos;
				VALIDATE_PRODUCT = YES;
			};
			name = Release;
		};
		A0A7FE38210C2293000936BC /* Debug */ = {
			isa = XCBuildConfiguration;
			buildSettings = {
				ASSETCATALOG_COMPILER_APPICON_NAME = AppIcon;
				CODE_SIGN_STYLE = Automatic;
				DEVELOPMENT_TEAM = 9QLCGED959;
				INFOPLIST_FILE = MagicMove/Info.plist;
				LD_RUNPATH_SEARCH_PATHS = (
					"$(inherited)",
					"@executable_path/Frameworks",
				);
				PRODUCT_BUNDLE_IDENTIFIER = com.huawei.MagicMove;
				PRODUCT_NAME = "$(TARGET_NAME)";
				TARGETED_DEVICE_FAMILY = "1,2";
			};
			name = Debug;
		};
		A0A7FE39210C2293000936BC /* Release */ = {
			isa = XCBuildConfiguration;
			buildSettings = {
				ASSETCATALOG_COMPILER_APPICON_NAME = AppIcon;
				CODE_SIGN_STYLE = Automatic;
				DEVELOPMENT_TEAM = 9QLCGED959;
				INFOPLIST_FILE = MagicMove/Info.plist;
				LD_RUNPATH_SEARCH_PATHS = (
					"$(inherited)",
					"@executable_path/Frameworks",
				);
				PRODUCT_BUNDLE_IDENTIFIER = com.huawei.MagicMove;
				PRODUCT_NAME = "$(TARGET_NAME)";
				TARGETED_DEVICE_FAMILY = "1,2";
			};
			name = Release;
		};
/* End XCBuildConfiguration section */

/* Begin XCConfigurationList section */
		A0A7FE1C210C2292000936BC /* Build configuration list for PBXProject "MagicMove" */ = {
			isa = XCConfigurationList;
			buildConfigurations = (
				A0A7FE35210C2293000936BC /* Debug */,
				A0A7FE36210C2293000936BC /* Release */,
			);
			defaultConfigurationIsVisible = 0;
			defaultConfigurationName = Release;
		};
		A0A7FE37210C2293000936BC /* Build configuration list for PBXNativeTarget "MagicMove" */ = {
			isa = XCConfigurationList;
			buildConfigurations = (
				A0A7FE38210C2293000936BC /* Debug */,
				A0A7FE39210C2293000936BC /* Release */,
			);
			defaultConfigurationIsVisible = 0;
			defaultConfigurationName = Release;
		};
/* End XCConfigurationList section */
	};
	rootObject = A0A7FE19210C2292000936BC /* Project object */;
}
